
Microsoft Visual Studio Solution File, Format Version 12.00
# Visual Studio Version 17
VisualStudioVersion = 17.7.34009.444
MinimumVisualStudioVersion = 10.0.40219.1
Project("{FAE04EC0-301F-11D3-BF4B-00C04F79EFBC}") = "LabNet2023.HelloWorld", "LabNet2023.HelloWorld\LabNet2023.HelloWorld.csproj", "{6FEF27FF-6F82-4E18-93CE-782C4B7B9158}"
EndProject
Global
	GlobalSection(SolutionConfigurationPlatforms) = preSolution
		Debug|Any CPU = Debug|Any CPU
		Release|Any CPU = Release|Any CPU
	EndGlobalSection
	GlobalSection(ProjectConfigurationPlatforms) = postSolution
		{6FEF27FF-6F82-4E18-93CE-782C4B7B9158}.Debug|Any CPU.ActiveCfg = Debug|Any CPU
		{6FEF27FF-6F82-4E18-93CE-782C4B7B9158}.Debug|Any CPU.Build.0 = Debug|Any CPU
		{6FEF27FF-6F82-4E18-93CE-782C4B7B9158}.Release|Any CPU.ActiveCfg = Release|Any CPU
		{6FEF27FF-6F82-4E18-93CE-782C4B7B9158}.Release|Any CPU.Build.0 = Release|Any CPU
	EndGlobalSection
	GlobalSection(SolutionProperties) = preSolution
		HideSolutionNode = FALSE
	EndGlobalSection
	GlobalSection(ExtensibilityGlobals) = postSolution
		SolutionGuid = {7CEFC4E4-6D5C-420F-97F6-321EF5C41381}
	EndGlobalSection
EndGlobal
